
Microsoft Visual Studio Solution File, Format Version 12.00
# Visual Studio Version 16
VisualStudioVersion = 16.0.31729.503
MinimumVisualStudioVersion = 10.0.40219.1
Project("{FAE04EC0-301F-11D3-BF4B-00C04F79EFBC}") = "TesteEscolaProfissionalizante", "TesteEscolaProfissionalizante\TesteEscolaProfissionalizante.csproj", "{2393CBD8-0453-41BE-8BB3-9D8D51CBF38B}"
EndProject
Global
	GlobalSection(SolutionConfigurationPlatforms) = preSolution
		Debug|Any CPU = Debug|Any CPU
		Release|Any CPU = Release|Any CPU
	EndGlobalSection
	GlobalSection(ProjectConfigurationPlatforms) = postSolution
		{2393CBD8-0453-41BE-8BB3-9D8D51CBF38B}.Debug|Any CPU.ActiveCfg = Debug|Any CPU
		{2393CBD8-0453-41BE-8BB3-9D8D51CBF38B}.Debug|Any CPU.Build.0 = Debug|Any CPU
		{2393CBD8-0453-41BE-8BB3-9D8D51CBF38B}.Release|Any CPU.ActiveCfg = Release|Any CPU
		{2393CBD8-0453-41BE-8BB3-9D8D51CBF38B}.Release|Any CPU.Build.0 = Release|Any CPU
	EndGlobalSection
	GlobalSection(SolutionProperties) = preSolution
		HideSolutionNode = FALSE
	EndGlobalSection
	GlobalSection(ExtensibilityGlobals) = postSolution
		SolutionGuid = {9DD22923-DCC0-428A-BCFD-1DD802FAD49D}
	EndGlobalSection
EndGlobal
